github.com/alecaivazis/jeeves v0.0.0-20191021224402-7a246cd34a09 h1:xpeIIR3qVpvIDvDcpvT7N3akyJkUJHEPxOH58xCcDKg=
github.com/bwmarrin/discordgo v0.20.1 h1:Ihh3/mVoRwy3otmaoPDUioILBJq4fdWkpsi83oj2Lmk=
github.com/bwmarrin/discordgo v0.20.1/go.mod h1:O9S4p+ofTFwB02em7jkpkV8M3R0/PUVOwN61zSZ0r4Q=
github.com/gorilla/websocket v1.4.0 h1:WDFjx/TMzVgy9VdMMQi2K2Emtwi2QcUQsztZ/zLaH/Q=
github.com/gorilla/websocket v1.4.0/go.mod h1:E7qHFY5m1UJ88s3WnNqhKjPHQ0heANvMoAMk2YaljkQ=
golang.org/x/crypto v0.0.0-20181030102418-4d3f4d9ffa16 h1:y6ce7gCWtnH+m3dCjzQ1PCuwl28DDIc3VNnvY29DlIA=
golang.org/x/crypto v0.0.0-20181030102418-4d3f4d9ffa16/go.mod h1:6SG95UA2DQfeDnfUPMdvaQW0Q7yPrPDi9nlGo2tz2b4=
